
Microsoft Visual Studio Solution File, Format Version 12.00
# Visual Studio 2012
Project("{FAE04EC0-301F-11D3-BF4B-00C04F79EFBC}") = "SensorTest", "SensorTest\SensorTest.csproj", "{84DAC028-D3E1-488D-B3A4-E07B0D092123}"
EndProject
Global
	GlobalSection(SolutionConfigurationPlatforms) = preSolution
		Debug|Any CPU = Debug|Any CPU
		Release|Any CPU = Release|Any CPU
	EndGlobalSection
	GlobalSection(ProjectConfigurationPlatforms) = postSolution
		{84DAC028-D3E1-488D-B3A4-E07B0D092123}.Debug|Any CPU.ActiveCfg = Debug|Any CPU
		{84DAC028-D3E1-488D-B3A4-E07B0D092123}.Debug|Any CPU.Build.0 = Debug|Any CPU
		{84DAC028-D3E1-488D-B3A4-E07B0D092123}.Release|Any CPU.ActiveCfg = Release|Any CPU
		{84DAC028-D3E1-488D-B3A4-E07B0D092123}.Release|Any CPU.Build.0 = Release|Any CPU
	EndGlobalSection
	GlobalSection(MonoDevelopProperties) = preSolution
		StartupItem = SensorTest\SensorTest.csproj
	EndGlobalSection
EndGlobal
